
Microsoft Visual Studio Solution File, Format Version 12.00
# Visual Studio 2013
VisualStudioVersion = 12.0.30723.0
MinimumVisualStudioVersion = 10.0.40219.1
Project("{FAE04EC0-301F-11D3-BF4B-00C04F79EFBC}") = "MiniSPA", "MiniSPA\MiniSPA.csproj", "{D1362065-41DD-465A-A5F1-33FD59AD5A2D}"
EndProject
Project("{FAE04EC0-301F-11D3-BF4B-00C04F79EFBC}") = "BusinessLayer", "BusinessLayer\BusinessLayer.csproj", "{44212B61-D4AC-44F1-A44B-7A6F3C868D9B}"
EndProject
Project("{FAE04EC0-301F-11D3-BF4B-00C04F79EFBC}") = "Tests", "Tests\Tests.csproj", "{2C90081B-A66D-4935-8804-EAE18A0E8422}"
EndProject
Global
	GlobalSection(SolutionConfigurationPlatforms) = preSolution
		Debug|Any CPU = Debug|Any CPU
		Release|Any CPU = Release|Any CPU
	EndGlobalSection
	GlobalSection(ProjectConfigurationPlatforms) = postSolution
		{D1362065-41DD-465A-A5F1-33FD59AD5A2D}.Debug|Any CPU.ActiveCfg = Debug|Any CPU
		{D1362065-41DD-465A-A5F1-33FD59AD5A2D}.Debug|Any CPU.Build.0 = Debug|Any CPU
		{D1362065-41DD-465A-A5F1-33FD59AD5A2D}.Release|Any CPU.ActiveCfg = Release|Any CPU
		{D1362065-41DD-465A-A5F1-33FD59AD5A2D}.Release|Any CPU.Build.0 = Release|Any CPU
		{44212B61-D4AC-44F1-A44B-7A6F3C868D9B}.Debug|Any CPU.ActiveCfg = Debug|Any CPU
		{44212B61-D4AC-44F1-A44B-7A6F3C868D9B}.Debug|Any CPU.Build.0 = Debug|Any CPU
		{44212B61-D4AC-44F1-A44B-7A6F3C868D9B}.Release|Any CPU.ActiveCfg = Release|Any CPU
		{44212B61-D4AC-44F1-A44B-7A6F3C868D9B}.Release|Any CPU.Build.0 = Release|Any CPU
		{2C90081B-A66D-4935-8804-EAE18A0E8422}.Debug|Any CPU.ActiveCfg = Debug|Any CPU
		{2C90081B-A66D-4935-8804-EAE18A0E8422}.Debug|Any CPU.Build.0 = Debug|Any CPU
		{2C90081B-A66D-4935-8804-EAE18A0E8422}.Release|Any CPU.ActiveCfg = Release|Any CPU
		{2C90081B-A66D-4935-8804-EAE18A0E8422}.Release|Any CPU.Build.0 = Release|Any CPU
	EndGlobalSection
	GlobalSection(SolutionProperties) = preSolution
		HideSolutionNode = FALSE
	EndGlobalSection
EndGlobal
